// !$*UTF8*$!
{
	archiveVersion = 1;
	classes = {
	};
	objectVersion = 50;
	objects = {

/* Begin PBXBuildFile section */
		3D5EE182254FC37400227372 /* AppDelegate.swift in Sources */ = {isa = PBXBuildFile; fileRef = 3D5EE181254FC37400227372 /* AppDelegate.swift */; };
		3D5EE184254FC37400227372 /* SceneDelegate.swift in Sources */ = {isa = PBXBuildFile; fileRef = 3D5EE183254FC37400227372 /* SceneDelegate.swift */; };
		3D5EE186254FC37400227372 /* ViewController.swift in Sources */ = {isa = PBXBuildFile; fileRef = 3D5EE185254FC37400227372 /* ViewController.swift */; };
		3D5EE189254FC37400227372 /* Main.storyboard in Resources */ = {isa = PBXBuildFile; fileRef = 3D5EE187254FC37400227372 /* Main.storyboard */; };
		3D5EE18C254FC37500227372 /* RoempiTest.xcdatamodeld in Sources */ = {isa = PBXBuildFile; fileRef = 3D5EE18A254FC37500227372 /* RoempiTest.xcdatamodeld */; };
		3D5EE18E254FC37700227372 /* Assets.xcassets in Resources */ = {isa = PBXBuildFile; fileRef = 3D5EE18D254FC37700227372 /* Assets.xcassets */; };
		3D5EE191254FC37700227372 /* LaunchScreen.storyboard in Resources */ = {isa = PBXBuildFile; fileRef = 3D5EE18F254FC37700227372 /* LaunchScreen.storyboard */; };
		3D5EE19C254FC37700227372 /* RoempiTestTests.swift in Sources */ = {isa = PBXBuildFile; fileRef = 3D5EE19B254FC37700227372 /* RoempiTestTests.swift */; };
		3D5EE1A7254FC37700227372 /* RoempiTestUITests.swift in Sources */ = {isa = PBXBuildFile; fileRef = 3D5EE1A6254FC37700227372 /* RoempiTestUITests.swift */; };
		3D5EE1C1254FC94D00227372 /* ItemCollectionViewCell.swift in Sources */ = {isa = PBXBuildFile; fileRef = 3D5EE1BF254FC94D00227372 /* ItemCollectionViewCell.swift */; };
		3D5EE1C2254FC94D00227372 /* ItemCollectionViewCell.xib in Resources */ = {isa = PBXBuildFile; fileRef = 3D5EE1C0254FC94D00227372 /* ItemCollectionViewCell.xib */; };
/* End PBXBuildFile section */

/* Begin PBXContainerItemProxy section */
		3D5EE198254FC37700227372 /* PBXContainerItemProxy */ = {
			isa = PBXContainerItemProxy;
			containerPortal = 3D5EE176254FC37400227372 /* Project object */;
			proxyType = 1;
			remoteGlobalIDString = 3D5EE17D254FC37400227372;
			remoteInfo = RoempiTest;
		};
		3D5EE1A3254FC37700227372 /* PBXContainerItemProxy */ = {
			isa = PBXContainerItemProxy;
			containerPortal = 3D5EE176254FC37400227372 /* Project object */;
			proxyType = 1;
			remoteGlobalIDString = 3D5EE17D254FC37400227372;
			remoteInfo = RoempiTest;
		};
/* End PBXContainerItemProxy section */

/* Begin PBXFileReference section */
		3D5EE17E254FC37400227372 /* RoempiTest.app */ = {isa = PBXFileReference; explicitFileType = wrapper.application; includeInIndex = 0; path = RoempiTest.app; sourceTree = BUILT_PRODUCTS_DIR; };
		3D5EE181254FC37400227372 /* AppDelegate.swift */ = {isa = PBXFileReference; lastKnownFileType = sourcecode.swift; path = AppDelegate.swift; sourceTree = "<group>"; };
		3D5EE183254FC37400227372 /* SceneDelegate.swift */ = {isa = PBXFileReference; lastKnownFileType = sourcecode.swift; path = SceneDelegate.swift; sourceTree = "<group>"; };
		3D5EE185254FC37400227372 /* ViewController.swift */ = {isa = PBXFileReference; lastKnownFileType = sourcecode.swift; path = ViewController.swift; sourceTree = "<group>"; };
		3D5EE188254FC37400227372 /* Base */ = {isa = PBXFileReference; lastKnownFileType = file.storyboard; name = Base; path = Base.lproj/Main.storyboard; sourceTree = "<group>"; };
		3D5EE18B254FC37500227372 /* RoempiTest.xcdatamodel */ = {isa = PBXFileReference; lastKnownFileType = wrapper.xcdatamodel; path = RoempiTest.xcdatamodel; sourceTree = "<group>"; };
		3D5EE18D254FC37700227372 /* Assets.xcassets */ = {isa = PBXFileReference; lastKnownFileType = folder.assetcatalog; path = Assets.xcassets; sourceTree = "<group>"; };
		3D5EE190254FC37700227372 /* Base */ = {isa = PBXFileReference; lastKnownFileType = file.storyboard; name = Base; path = Base.lproj/LaunchScreen.storyboard; sourceTree = "<group>"; };
		3D5EE192254FC37700227372 /* Info.plist */ = {isa = PBXFileReference; lastKnownFileType = text.plist.xml; path = Info.plist; sourceTree = "<group>"; };
		3D5EE197254FC37700227372 /* RoempiTestTests.xctest */ = {isa = PBXFileReference; explicitFileType = wrapper.cfbundle; includeInIndex = 0; path = RoempiTestTests.xctest; sourceTree = BUILT_PRODUCTS_DIR; };
		3D5EE19B254FC37700227372 /* RoempiTestTests.swift */ = {isa = PBXFileReference; lastKnownFileType = sourcecode.swift; path = RoempiTestTests.swift; sourceTree = "<group>"; };
		3D5EE19D254FC37700227372 /* Info.plist */ = {isa = PBXFileReference; lastKnownFileType = text.plist.xml; path = Info.plist; sourceTree = "<group>"; };
		3D5EE1A2254FC37700227372 /* RoempiTestUITests.xctest */ = {isa = PBXFileReference; explicitFileType = wrapper.cfbundle; includeInIndex = 0; path = RoempiTestUITests.xctest; sourceTree = BUILT_PRODUCTS_DIR; };
		3D5EE1A6254FC37700227372 /* RoempiTestUITests.swift */ = {isa = PBXFileReference; lastKnownFileType = sourcecode.swift; path = RoempiTestUITests.swift; sourceTree = "<group>"; };
		3D5EE1A8254FC37700227372 /* Info.plist */ = {isa = PBXFileReference; lastKnownFileType = text.plist.xml; path = Info.plist; sourceTree = "<group>"; };
		3D5EE1BF254FC94D00227372 /* ItemCollectionViewCell.swift */ = {isa = PBXFileReference; lastKnownFileType = sourcecode.swift; path = ItemCollectionViewCell.swift; sourceTree = "<group>"; };
		3D5EE1C0254FC94D00227372 /* ItemCollectionViewCell.xib */ = {isa = PBXFileReference; lastKnownFileType = file.xib; path = ItemCollectionViewCell.xib; sourceTree = "<group>"; };
/* End PBXFileReference section */

/* Begin PBXFrameworksBuildPhase section */
		3D5EE17B254FC37400227372 /* Frameworks */ = {
			isa = PBXFrameworksBuildPhase;
			buildActionMask = 2147483647;
			files = (
			);
			runOnlyForDeploymentPostprocessing = 0;
		};
		3D5EE194254FC37700227372 /* Frameworks */ = {
			isa = PBXFrameworksBuildPhase;
			buildActionMask = 2147483647;
			files = (
			);
			runOnlyForDeploymentPostprocessing = 0;
		};
		3D5EE19F254FC37700227372 /* Frameworks */ = {
			isa = PBXFrameworksBuildPhase;
			buildActionMask = 2147483647;
			files = (
			);
			runOnlyForDeploymentPostprocessing = 0;
		};
/* End PBXFrameworksBuildPhase section */

/* Begin PBXGroup section */
		3D5EE175254FC37400227372 = {
			isa = PBXGroup;
			children = (
				3D5EE180254FC37400227372 /* RoempiTest */,
				3D5EE19A254FC37700227372 /* RoempiTestTests */,
				3D5EE1A5254FC37700227372 /* RoempiTestUITests */,
				3D5EE17F254FC37400227372 /* Products */,
			);
			sourceTree = "<group>";
		};
		3D5EE17F254FC37400227372 /* Products */ = {
			isa = PBXGroup;
			children = (
				3D5EE17E254FC37400227372 /* RoempiTest.app */,
				3D5EE197254FC37700227372 /* RoempiTestTests.xctest */,
				3D5EE1A2254FC37700227372 /* RoempiTestUITests.xctest */,
			);
			name = Products;
			sourceTree = "<group>";
		};
		3D5EE180254FC37400227372 /* RoempiTest */ = {
			isa = PBXGroup;
			children = (
				3D5EE181254FC37400227372 /* AppDelegate.swift */,
				3D5EE183254FC37400227372 /* SceneDelegate.swift */,
				3D5EE185254FC37400227372 /* ViewController.swift */,
				3D5EE187254FC37400227372 /* Main.storyboard */,
				3D5EE18D254FC37700227372 /* Assets.xcassets */,
				3D5EE18F254FC37700227372 /* LaunchScreen.storyboard */,
				3D5EE192254FC37700227372 /* Info.plist */,
				3D5EE18A254FC37500227372 /* RoempiTest.xcdatamodeld */,
				3D5EE1BF254FC94D00227372 /* ItemCollectionViewCell.swift */,
				3D5EE1C0254FC94D00227372 /* ItemCollectionViewCell.xib */,
			);
			path = RoempiTest;
			sourceTree = "<group>";
		};
		3D5EE19A254FC37700227372 /* RoempiTestTests */ = {
			isa = PBXGroup;
			children = (
				3D5EE19B254FC37700227372 /* RoempiTestTests.swift */,
				3D5EE19D254FC37700227372 /* Info.plist */,
			);
			path = RoempiTestTests;
			sourceTree = "<group>";
		};
		3D5EE1A5254FC37700227372 /* RoempiTestUITests */ = {
			isa = PBXGroup;
			children = (
				3D5EE1A6254FC37700227372 /* RoempiTestUITests.swift */,
				3D5EE1A8254FC37700227372 /* Info.plist */,
			);
			path = RoempiTestUITests;
			sourceTree = "<group>";
		};
/* End PBXGroup section */

/* Begin PBXNativeTarget section */
		3D5EE17D254FC37400227372 /* RoempiTest */ = {
			isa = PBXNativeTarget;
			buildConfigurationList = 3D5EE1AB254FC37700227372 /* Build configuration list for PBXNativeTarget "RoempiTest" */;
			buildPhases = (
				3D5EE17A254FC37400227372 /* Sources */,
				3D5EE17B254FC37400227372 /* Frameworks */,
				3D5EE17C254FC37400227372 /* Resources */,
			);
			buildRules = (
			);
			dependencies = (
			);
			name = RoempiTest;
			productName = RoempiTest;
			productReference = 3D5EE17E254FC37400227372 /* RoempiTest.app */;
			productType = "com.apple.product-type.application";
		};
		3D5EE196254FC37700227372 /* RoempiTestTests */ = {
			isa = PBXNativeTarget;
			buildConfigurationList = 3D5EE1AE254FC37700227372 /* Build configuration list for PBXNativeTarget "RoempiTestTests" */;
			buildPhases = (
				3D5EE193254FC37700227372 /* Sources */,
				3D5EE194254FC37700227372 /* Frameworks */,
				3D5EE195254FC37700227372 /* Resources */,
			);
			buildRules = (
			);
			dependencies = (
				3D5EE199254FC37700227372 /* PBXTargetDependency */,
			);
			name = RoempiTestTests;
			productName = RoempiTestTests;
			productReference = 3D5EE197254FC37700227372 /* RoempiTestTests.xctest */;
			productType = "com.apple.product-type.bundle.unit-test";
		};
		3D5EE1A1254FC37700227372 /* RoempiTestUITests */ = {
			isa = PBXNativeTarget;
			buildConfigurationList = 3D5EE1B1254FC37700227372 /* Build configuration list for PBXNativeTarget "RoempiTestUITests" */;
			buildPhases = (
				3D5EE19E254FC37700227372 /* Sources */,
				3D5EE19F254FC37700227372 /* Frameworks */,
				3D5EE1A0254FC37700227372 /* Resources */,
			);
			buildRules = (
			);
			dependencies = (
				3D5EE1A4254FC37700227372 /* PBXTargetDependency */,
			);
			name = RoempiTestUITests;
			productName = RoempiTestUITests;
			productReference = 3D5EE1A2254FC37700227372 /* RoempiTestUITests.xctest */;
			productType = "com.apple.product-type.bundle.ui-testing";
		};
/* End PBXNativeTarget section */

/* Begin PBXProject section */
		3D5EE176254FC37400227372 /* Project object */ = {
			isa = PBXProject;
			attributes = {
				LastSwiftUpdateCheck = 1210;
				LastUpgradeCheck = 1210;
				TargetAttributes = {
					3D5EE17D254FC37400227372 = {
						CreatedOnToolsVersion = 12.1;
					};
					3D5EE196254FC37700227372 = {
						CreatedOnToolsVersion = 12.1;
						TestTargetID = 3D5EE17D254FC37400227372;
					};
					3D5EE1A1254FC37700227372 = {
						CreatedOnToolsVersion = 12.1;
						TestTargetID = 3D5EE17D254FC37400227372;
					};
				};
			};
			buildConfigurationList = 3D5EE179254FC37400227372 /* Build configuration list for PBXProject "RoempiTest" */;
			compatibilityVersion = "Xcode 9.3";
			developmentRegion = en;
			hasScannedForEncodings = 0;
			knownRegions = (
				en,
				Base,
			);
			mainGroup = 3D5EE175254FC37400227372;
			productRefGroup = 3D5EE17F254FC37400227372 /* Products */;
			projectDirPath = "";
			projectRoot = "";
			targets = (
				3D5EE17D254FC37400227372 /* RoempiTest */,
				3D5EE196254FC37700227372 /* RoempiTestTests */,
				3D5EE1A1254FC37700227372 /* RoempiTestUITests */,
			);
		};
/* End PBXProject section */

/* Begin PBXResourcesBuildPhase section */
		3D5EE17C254FC37400227372 /* Resources */ = {
			isa = PBXResourcesBuildPhase;
			buildActionMask = 2147483647;
			files = (
				3D5EE191254FC37700227372 /* LaunchScreen.storyboard in Resources */,
				3D5EE1C2254FC94D00227372 /* ItemCollectionViewCell.xib in Resources */,
				3D5EE18E254FC37700227372 /* Assets.xcassets in Resources */,
				3D5EE189254FC37400227372 /* Main.storyboard in Resources */,
			);
			runOnlyForDeploymentPostprocessing = 0;
		};
		3D5EE195254FC37700227372 /* Resources */ = {
			isa = PBXResourcesBuildPhase;
			buildActionMask = 2147483647;
			files = (
			);
			runOnlyForDeploymentPostprocessing = 0;
		};
		3D5EE1A0254FC37700227372 /* Resources */ = {
			isa = PBXResourcesBuildPhase;
			buildActionMask = 2147483647;
			files = (
			);
			runOnlyForDeploymentPostprocessing = 0;
		};
/* End PBXResourcesBuildPhase section */

/* Begin PBXSourcesBuildPhase section */
		3D5EE17A254FC37400227372 /* Sources */ = {
			isa = PBXSourcesBuildPhase;
			buildActionMask = 2147483647;
			files = (
				3D5EE1C1254FC94D00227372 /* ItemCollectionViewCell.swift in Sources */,
				3D5EE186254FC37400227372 /* ViewController.swift in Sources */,
				3D5EE182254FC37400227372 /* AppDelegate.swift in Sources */,
				3D5EE184254FC37400227372 /* SceneDelegate.swift in Sources */,
				3D5EE18C254FC37500227372 /* RoempiTest.xcdatamodeld in Sources */,
			);
			runOnlyForDeploymentPostprocessing = 0;
		};
		3D5EE193254FC37700227372 /* Sources */ = {
			isa = PBXSourcesBuildPhase;
			buildActionMask = 2147483647;
			files = (
				3D5EE19C254FC37700227372 /* RoempiTestTests.swift in Sources */,
			);
			runOnlyForDeploymentPostprocessing = 0;
		};
		3D5EE19E254FC37700227372 /* Sources */ = {
			isa = PBXSourcesBuildPhase;
			buildActionMask = 2147483647;
			files = (
				3D5EE1A7254FC37700227372 /* RoempiTestUITests.swift in Sources */,
			);
			runOnlyForDeploymentPostprocessing = 0;
		};
/* End PBXSourcesBuildPhase section */

/* Begin PBXTargetDependency section */
		3D5EE199254FC37700227372 /* PBXTargetDependency */ = {
			isa = PBXTargetDependency;
			target = 3D5EE17D254FC37400227372 /* RoempiTest */;
			targetProxy = 3D5EE198254FC37700227372 /* PBXContainerItemProxy */;
		};
		3D5EE1A4254FC37700227372 /* PBXTargetDependency */ = {
			isa = PBXTargetDependency;
			target = 3D5EE17D254FC37400227372 /* RoempiTest */;
			targetProxy = 3D5EE1A3254FC37700227372 /* PBXContainerItemProxy */;
		};
/* End PBXTargetDependency section */

/* Begin PBXVariantGroup section */
		3D5EE187254FC37400227372 /* Main.storyboard */ = {
			isa = PBXVariantGroup;
			children = (
				3D5EE188254FC37400227372 /* Base */,
			);
			name = Main.storyboard;
			sourceTree = "<group>";
		};
		3D5EE18F254FC37700227372 /* LaunchScreen.storyboard */ = {
			isa = PBXVariantGroup;
			children = (
				3D5EE190254FC37700227372 /* Base */,
			);
			name = LaunchScreen.storyboard;
			sourceTree = "<group>";
		};
/* End PBXVariantGroup section */

/* Begin XCBuildConfiguration section */
		3D5EE1A9254FC37700227372 /* Debug */ = {
			isa = XCBuildConfiguration;
			buildSettings = {
				ALWAYS_SEARCH_USER_PATHS = NO;
				CLANG_ANALYZER_NONNULL = YES;
				CLANG_ANALYZER_NUMBER_OBJECT_CONVERSION = YES_AGGRESSIVE;
				CLANG_CXX_LANGUAGE_STANDARD = "gnu++14";
				CLANG_CXX_LIBRARY = "libc++";
				CLANG_ENABLE_MODULES = YES;
				CLANG_ENABLE_OBJC_ARC = YES;
				CLANG_ENABLE_OBJC_WEAK = YES;
				CLANG_WARN_BLOCK_CAPTURE_AUTORELEASING = YES;
				CLANG_WARN_BOOL_CONVERSION = YES;
				CLANG_WARN_COMMA = YES;
				CLANG_WARN_CONSTANT_CONVERSION = YES;
				CLANG_WARN_DEPRECATED_OBJC_IMPLEMENTATIONS = YES;
				CLANG_WARN_DIRECT_OBJC_ISA_USAGE = YES_ERROR;
				CLANG_WARN_DOCUMENTATION_COMMENTS = YES;
				CLANG_WARN_EMPTY_BODY = YES;
				CLANG_WARN_ENUM_CONVERSION = YES;
				CLANG_WARN_INFINITE_RECURSION = YES;
				CLANG_WARN_INT_CONVERSION = YES;
				CLANG_WARN_NON_LITERAL_NULL_CONVERSION = YES;
				CLANG_WARN_OBJC_IMPLICIT_RETAIN_SELF = YES;
				CLANG_WARN_OBJC_LITERAL_CONVERSION = YES;
				CLANG_WARN_OBJC_ROOT_CLASS = YES_ERROR;
				CLANG_WARN_QUOTED_INCLUDE_IN_FRAMEWORK_HEADER = YES;
				CLANG_WARN_RANGE_LOOP_ANALYSIS = YES;
				CLANG_WARN_STRICT_PROTOTYPES = YES;
				CLANG_WARN_SUSPICIOUS_MOVE = YES;
				CLANG_WARN_UNGUARDED_AVAILABILITY = YES_AGGRESSIVE;
				CLANG_WARN_UNREACHABLE_CODE = YES;
				CLANG_WARN__DUPLICATE_METHOD_MATCH = YES;
				COPY_PHASE_STRIP = NO;
				DEBUG_INFORMATION_FORMAT = dwarf;
				ENABLE_STRICT_OBJC_MSGSEND = YES;
				ENABLE_TESTABILITY = YES;
				GCC_C_LANGUAGE_STANDARD = gnu11;
				GCC_DYNAMIC_NO_PIC = NO;
				GCC_NO_COMMON_BLOCKS = YES;
				GCC_OPTIMIZATION_LEVEL = 0;
				GCC_PREPROCESSOR_DEFINITIONS = (
					"DEBUG=1",
					"$(inherited)",
				);
				GCC_WARN_64_TO_32_BIT_CONVERSION = YES;
				GCC_WARN_ABOUT_RETURN_TYPE = YES_ERROR;
				GCC_WARN_UNDECLARED_SELECTOR = YES;
				GCC_WARN_UNINITIALIZED_AUTOS = YES_AGGRESSIVE;
				GCC_WARN_UNUSED_FUNCTION = YES;
				GCC_WARN_UNUSED_VARIABLE = YES;
				IPHONEOS_DEPLOYMENT_TARGET = 14.1;
				MTL_ENABLE_DEBUG_INFO = INCLUDE_SOURCE;
				MTL_FAST_MATH = YES;
				ONLY_ACTIVE_ARCH = YES;
				SDKROOT = iphoneos;
				SWIFT_ACTIVE_COMPILATION_CONDITIONS = DEBUG;
				SWIFT_OPTIMIZATION_LEVEL = "-Onone";
			};
			name = Debug;
		};
		3D5EE1AA254FC37700227372 /* Release */ = {
			isa = XCBuildConfiguration;
			buildSettings = {
				ALWAYS_SEARCH_USER_PATHS = NO;
				CLANG_ANALYZER_NONNULL = YES;
				CLANG_ANALYZER_NUMBER_OBJECT_CONVERSION = YES_AGGRESSIVE;
				CLANG_CXX_LANGUAGE_STANDARD = "gnu++14";
				CLANG_CXX_LIBRARY = "libc++";
				CLANG_ENABLE_MODULES = YES;
				CLANG_ENABLE_OBJC_ARC = YES;
				CLANG_ENABLE_OBJC_WEAK = YES;
				CLANG_WARN_BLOCK_CAPTURE_AUTORELEASING = YES;
				CLANG_WARN_BOOL_CONVERSION = YES;
				CLANG_WARN_COMMA = YES;
				CLANG_WARN_CONSTANT_CONVERSION = YES;
				CLANG_WARN_DEPRECATED_OBJC_IMPLEMENTATIONS = YES;
				CLANG_WARN_DIRECT_OBJC_ISA_USAGE = YES_ERROR;
				CLANG_WARN_DOCUMENTATION_COMMENTS = YES;
				CLANG_WARN_EMPTY_BODY = YES;
				CLANG_WARN_ENUM_CONVERSION = YES;
				CLANG_WARN_INFINITE_RECURSION = YES;
				CLANG_WARN_INT_CONVERSION = YES;
				CLANG_WARN_NON_LITERAL_NULL_CONVERSION = YES;
				CLANG_WARN_OBJC_IMPLICIT_RETAIN_SELF = YES;
				CLANG_WARN_OBJC_LITERAL_CONVERSION = YES;
				CLANG_WARN_OBJC_ROOT_CLASS = YES_ERROR;
				CLANG_WARN_QUOTED_INCLUDE_IN_FRAMEWORK_HEADER = YES;
				CLANG_WARN_RANGE_LOOP_ANALYSIS = YES;
				CLANG_WARN_STRICT_PROTOTYPES = YES;
				CLANG_WARN_SUSPICIOUS_MOVE = YES;
				CLANG_WARN_UNGUARDED_AVAILABILITY = YES_AGGRESSIVE;
				CLANG_WARN_UNREACHABLE_CODE = YES;
				CLANG_WARN__DUPLICATE_METHOD_MATCH = YES;
				COPY_PHASE_STRIP = NO;
				DEBUG_INFORMATION_FORMAT = "dwarf-with-dsym";
				ENABLE_NS_ASSERTIONS = NO;
				ENABLE_STRICT_OBJC_MSGSEND = YES;
				GCC_C_LANGUAGE_STANDARD = gnu11;
				GCC_NO_COMMON_BLOCKS = YES;
				GCC_WARN_64_TO_32_BIT_CONVERSION = YES;
				GCC_WARN_ABOUT_RETURN_TYPE = YES_ERROR;
				GCC_WARN_UNDECLARED_SELECTOR = YES;
				GCC_WARN_UNINITIALIZED_AUTOS = YES_AGGRESSIVE;
				GCC_WARN_UNUSED_FUNCTION = YES;
				GCC_WARN_UNUSED_VARIABLE = YES;
				IPHONEOS_DEPLOYMENT_TARGET = 14.1;
				MTL_ENABLE_DEBUG_INFO = NO;
				MTL_FAST_MATH = YES;
				SDKROOT = iphoneos;
				SWIFT_COMPILATION_MODE = wholemodule;
				SWIFT_OPTIMIZATION_LEVEL = "-O";
				VALIDATE_PRODUCT = YES;
			};
			name = Release;
		};
		3D5EE1AC254FC37700227372 /* Debug */ = {
			isa = XCBuildConfiguration;
			buildSettings = {
				ASSETCATALOG_COMPILER_APPICON_NAME = AppIcon;
				ASSETCATALOG_COMPILER_GLOBAL_ACCENT_COLOR_NAME = AccentColor;
				CODE_SIGN_STYLE = Automatic;
				DEVELOPMENT_TEAM = 5UFXUU3GMA;
				INFOPLIST_FILE = RoempiTest/Info.plist;
				LD_RUNPATH_SEARCH_PATHS = (
					"$(inherited)",
					"@executable_path/Frameworks",
				);
				PRODUCT_BUNDLE_IDENTIFIER = academy.RoempiTest;
				PRODUCT_NAME = "$(TARGET_NAME)";
				SWIFT_VERSION = 5.0;
				TARGETED_DEVICE_FAMILY = "1,2";
			};
			name = Debug;
		};
		3D5EE1AD254FC37700227372 /* Release */ = {
			isa = XCBuildConfiguration;
			buildSettings = {
				ASSETCATALOG_COMPILER_APPICON_NAME = AppIcon;
				ASSETCATALOG_COMPILER_GLOBAL_ACCENT_COLOR_NAME = AccentColor;
				CODE_SIGN_STYLE = Automatic;
				DEVELOPMENT_TEAM = 5UFXUU3GMA;
				INFOPLIST_FILE = RoempiTest/Info.plist;
				LD_RUNPATH_SEARCH_PATHS = (
					"$(inherited)",
					"@executable_path/Frameworks",
				);
				PRODUCT_BUNDLE_IDENTIFIER = academy.RoempiTest;
				PRODUCT_NAME = "$(TARGET_NAME)";
				SWIFT_VERSION = 5.0;
				TARGETED_DEVICE_FAMILY = "1,2";
			};
			name = Release;
		};
		3D5EE1AF254FC37700227372 /* Debug */ = {
			isa = XCBuildConfiguration;
			buildSettings = {
				ALWAYS_EMBED_SWIFT_STANDARD_LIBRARIES = YES;
				BUNDLE_LOADER = "$(TEST_HOST)";
				CODE_SIGN_STYLE = Automatic;
				DEVELOPMENT_TEAM = 5UFXUU3GMA;
				INFOPLIST_FILE = RoempiTestTests/Info.plist;
				IPHONEOS_DEPLOYMENT_TARGET = 14.1;
				LD_RUNPATH_SEARCH_PATHS = (
					"$(inherited)",
					"@executable_path/Frameworks",
					"@loader_path/Frameworks",
				);
				PRODUCT_BUNDLE_IDENTIFIER = academy.RoempiTestTests;
				PRODUCT_NAME = "$(TARGET_NAME)";
				SWIFT_VERSION = 5.0;
				TARGETED_DEVICE_FAMILY = "1,2";
				TEST_HOST = "$(BUILT_PRODUCTS_DIR)/RoempiTest.app/RoempiTest";
			};
			name = Debug;
		};
		3D5EE1B0254FC37700227372 /* Release */ = {
			isa = XCBuildConfiguration;
			buildSettings = {
				ALWAYS_EMBED_SWIFT_STANDARD_LIBRARIES = YES;
				BUNDLE_LOADER = "$(TEST_HOST)";
				CODE_SIGN_STYLE = Automatic;
				DEVELOPMENT_TEAM = 5UFXUU3GMA;
				INFOPLIST_FILE = RoempiTestTests/Info.plist;
				IPHONEOS_DEPLOYMENT_TARGET = 14.1;
				LD_RUNPATH_SEARCH_PATHS = (
					"$(inherited)",
					"@executable_path/Frameworks",
					"@loader_path/Frameworks",
				);
				PRODUCT_BUNDLE_IDENTIFIER = academy.RoempiTestTests;
				PRODUCT_NAME = "$(TARGET_NAME)";
				SWIFT_VERSION = 5.0;
				TARGETED_DEVICE_FAMILY = "1,2";
				TEST_HOST = "$(BUILT_PRODUCTS_DIR)/RoempiTest.app/RoempiTest";
			};
			name = Release;
		};
		3D5EE1B2254FC37700227372 /* Debug */ = {
			isa = XCBuildConfiguration;
			buildSettings = {
				ALWAYS_EMBED_SWIFT_STANDARD_LIBRARIES = YES;
				CODE_SIGN_STYLE = Automatic;
				DEVELOPMENT_TEAM = 5UFXUU3GMA;
				INFOPLIST_FILE = RoempiTestUITests/Info.plist;
				LD_RUNPATH_SEARCH_PATHS = (
					"$(inherited)",
					"@executable_path/Frameworks",
					"@loader_path/Frameworks",
				);
				PRODUCT_BUNDLE_IDENTIFIER = academy.RoempiTestUITests;
				PRODUCT_NAME = "$(TARGET_NAME)";
				SWIFT_VERSION = 5.0;
				TARGETED_DEVICE_FAMILY = "1,2";
				TEST_TARGET_NAME = RoempiTest;
			};
			name = Debug;
		};
		3D5EE1B3254FC37700227372 /* Release */ = {
			isa = XCBuildConfiguration;
			buildSettings = {
				ALWAYS_EMBED_SWIFT_STANDARD_LIBRARIES = YES;
				CODE_SIGN_STYLE = Automatic;
				DEVELOPMENT_TEAM = 5UFXUU3GMA;
				INFOPLIST_FILE = RoempiTestUITests/Info.plist;
				LD_RUNPATH_SEARCH_PATHS = (
					"$(inherited)",
					"@executable_path/Frameworks",
					"@loader_path/Frameworks",
				);
				PRODUCT_BUNDLE_IDENTIFIER = academy.RoempiTestUITests;
				PRODUCT_NAME = "$(TARGET_NAME)";
				SWIFT_VERSION = 5.0;
				TARGETED_DEVICE_FAMILY = "1,2";
				TEST_TARGET_NAME = RoempiTest;
			};
			name = Release;
		};
/* End XCBuildConfiguration section */

/* Begin XCConfigurationList section */
		3D5EE179254FC37400227372 /* Build configuration list for PBXProject "RoempiTest" */ = {
			isa = XCConfigurationList;
			buildConfigurations = (
				3D5EE1A9254FC37700227372 /* Debug */,
				3D5EE1AA254FC37700227372 /* Release */,
			);
			defaultConfigurationIsVisible = 0;
			defaultConfigurationName = Release;
		};
		3D5EE1AB254FC37700227372 /* Build configuration list for PBXNativeTarget "RoempiTest" */ = {
			isa = XCConfigurationList;
			buildConfigurations = (
				3D5EE1AC254FC37700227372 /* Debug */,
				3D5EE1AD254FC37700227372 /* Release */,
			);
			defaultConfigurationIsVisible = 0;
			defaultConfigurationName = Release;
		};
		3D5EE1AE254FC37700227372 /* Build configuration list for PBXNativeTarget "RoempiTestTests" */ = {
			isa = XCConfigurationList;
			buildConfigurations = (
				3D5EE1AF254FC37700227372 /* Debug */,
				3D5EE1B0254FC37700227372 /* Release */,
			);
			defaultConfigurationIsVisible = 0;
			defaultConfigurationName = Release;
		};
		3D5EE1B1254FC37700227372 /* Build configuration list for PBXNativeTarget "RoempiTestUITests" */ = {
			isa = XCConfigurationList;
			buildConfigurations = (
				3D5EE1B2254FC37700227372 /* Debug */,
				3D5EE1B3254FC37700227372 /* Release */,
			);
			defaultConfigurationIsVisible = 0;
			defaultConfigurationName = Release;
		};
/* End XCConfigurationList section */

/* Begin XCVersionGroup section */
		3D5EE18A254FC37500227372 /* RoempiTest.xcdatamodeld */ = {
			isa = XCVersionGroup;
			children = (
				3D5EE18B254FC37500227372 /* RoempiTest.xcdatamodel */,
			);
			currentVersion = 3D5EE18B254FC37500227372 /* RoempiTest.xcdatamodel */;
			path = RoempiTest.xcdatamodeld;
			sourceTree = "<group>";
			versionGroupType = wrapper.xcdatamodel;
		};
/* End XCVersionGroup section */
	};
	rootObject = 3D5EE176254FC37400227372 /* Project object */;
}
